// !$*UTF8*$!
{
	archiveVersion = 1;
	classes = {
	};
	objectVersion = 50;
	objects = {

/* Begin PBXBuildFile section */
		6E00221826B42E9A0006CDB5 /* UserInfoView.swift in Sources */ = {isa = PBXBuildFile; fileRef = 6E00221726B42E9A0006CDB5 /* UserInfoView.swift */; };
		6E00221A26B430700006CDB5 /* UserInfoViewModel.swift in Sources */ = {isa = PBXBuildFile; fileRef = 6E00221926B430700006CDB5 /* UserInfoViewModel.swift */; };
		6E00221C26B4D0EF0006CDB5 /* RepositoryCell.swift in Sources */ = {isa = PBXBuildFile; fileRef = 6E00221B26B4D0EF0006CDB5 /* RepositoryCell.swift */; };
		6E00222626B4DDDE0006CDB5 /* UserInfoViewController.swift in Sources */ = {isa = PBXBuildFile; fileRef = 6E00222526B4DDDE0006CDB5 /* UserInfoViewController.swift */; };
		6E00222826B4E0070006CDB5 /* ViewState.swift in Sources */ = {isa = PBXBuildFile; fileRef = 6E00222726B4E0070006CDB5 /* ViewState.swift */; };
		6E00222A26B4FD380006CDB5 /* UIEdgeInsets+allSides.swift in Sources */ = {isa = PBXBuildFile; fileRef = 6E00222926B4FD380006CDB5 /* UIEdgeInsets+allSides.swift */; };
		6E00222C26B5159C0006CDB5 /* UIColor+image.swift in Sources */ = {isa = PBXBuildFile; fileRef = 6E00222B26B5159C0006CDB5 /* UIColor+image.swift */; };
		6E00222E26B5376D0006CDB5 /* UserDetailViewController.swift in Sources */ = {isa = PBXBuildFile; fileRef = 6E00222D26B5376D0006CDB5 /* UserDetailViewController.swift */; };
		6E00223126B547E80006CDB5 /* repositories.json in Resources */ = {isa = PBXBuildFile; fileRef = 6E00222F26B547E80006CDB5 /* repositories.json */; };
		6E00223226B547E80006CDB5 /* userInfo.json in Resources */ = {isa = PBXBuildFile; fileRef = 6E00223026B547E80006CDB5 /* userInfo.json */; };
		6E00223426B54E660006CDB5 /* RepositoryListViewControllerTests.swift in Sources */ = {isa = PBXBuildFile; fileRef = 6E00223326B54E660006CDB5 /* RepositoryListViewControllerTests.swift */; };
		6E00223626B54E750006CDB5 /* UserInfoViewControllerTests.swift in Sources */ = {isa = PBXBuildFile; fileRef = 6E00223526B54E750006CDB5 /* UserInfoViewControllerTests.swift */; };
		6E257BEC26B1246300A08291 /* AppDelegate.swift in Sources */ = {isa = PBXBuildFile; fileRef = 6E257BEB26B1246300A08291 /* AppDelegate.swift */; };
		6E257BF526B1246800A08291 /* Assets.xcassets in Resources */ = {isa = PBXBuildFile; fileRef = 6E257BF426B1246800A08291 /* Assets.xcassets */; };
		6E257BF826B1246800A08291 /* LaunchScreen.storyboard in Resources */ = {isa = PBXBuildFile; fileRef = 6E257BF626B1246800A08291 /* LaunchScreen.storyboard */; };
		6E257C2C26B139A500A08291 /* ViewController.swift in Sources */ = {isa = PBXBuildFile; fileRef = 6E257C2126B139A500A08291 /* ViewController.swift */; };
		6E257C2D26B139A500A08291 /* ActivityIndicatorView.swift in Sources */ = {isa = PBXBuildFile; fileRef = 6E257C2226B139A500A08291 /* ActivityIndicatorView.swift */; };
		6E257C2E26B139A500A08291 /* UserListView.swift in Sources */ = {isa = PBXBuildFile; fileRef = 6E257C2426B139A500A08291 /* UserListView.swift */; };
		6E257C2F26B139A500A08291 /* UserListViewController.swift in Sources */ = {isa = PBXBuildFile; fileRef = 6E257C2526B139A500A08291 /* UserListViewController.swift */; };
		6E257C3026B139A500A08291 /* UserCellViewModel.swift in Sources */ = {isa = PBXBuildFile; fileRef = 6E257C2726B139A500A08291 /* UserCellViewModel.swift */; };
		6E257C3126B139A500A08291 /* UserCell.swift in Sources */ = {isa = PBXBuildFile; fileRef = 6E257C2826B139A500A08291 /* UserCell.swift */; };
		6E257C3226B139A500A08291 /* UserListViewModel.swift in Sources */ = {isa = PBXBuildFile; fileRef = 6E257C2926B139A500A08291 /* UserListViewModel.swift */; };
		6E257C3326B139A500A08291 /* UID.swift in Sources */ = {isa = PBXBuildFile; fileRef = 6E257C2A26B139A500A08291 /* UID.swift */; };
		6E257C3626B13A1B00A08291 /* User.swift in Sources */ = {isa = PBXBuildFile; fileRef = 6E257C3526B13A1B00A08291 /* User.swift */; };
		6E257C3D26B157E400A08291 /* ImageService.swift in Sources */ = {isa = PBXBuildFile; fileRef = 6E257C3B26B157E400A08291 /* ImageService.swift */; };
		6E257C3E26B157E400A08291 /* GitHubService.swift in Sources */ = {isa = PBXBuildFile; fileRef = 6E257C3C26B157E400A08291 /* GitHubService.swift */; };
		6E257C4026B1595900A08291 /* Box.swift in Sources */ = {isa = PBXBuildFile; fileRef = 6E257C3F26B1595900A08291 /* Box.swift */; };
		6E257C4226B15AB800A08291 /* JSONDecoder+snakeCase.swift in Sources */ = {isa = PBXBuildFile; fileRef = 6E257C4126B15AB800A08291 /* JSONDecoder+snakeCase.swift */; };
		6E257C4626B15AC100A08291 /* UIView+SafeArea.swift in Sources */ = {isa = PBXBuildFile; fileRef = 6E257C4326B15AC000A08291 /* UIView+SafeArea.swift */; };
		6E257C4726B15AC100A08291 /* UIView+Anchors.swift in Sources */ = {isa = PBXBuildFile; fileRef = 6E257C4426B15AC000A08291 /* UIView+Anchors.swift */; };
		6E257C4826B15AC100A08291 /* URL+staticString.swift in Sources */ = {isa = PBXBuildFile; fileRef = 6E257C4526B15AC100A08291 /* URL+staticString.swift */; };
		6E257C4B26B178C600A08291 /* Env.swift in Sources */ = {isa = PBXBuildFile; fileRef = 6E257C4A26B178C600A08291 /* Env.swift */; };
		6E257C4F26B1809300A08291 /* Repository.swift in Sources */ = {isa = PBXBuildFile; fileRef = 6E257C4E26B1809300A08291 /* Repository.swift */; };
		6E257C5B26B2124400A08291 /* ImageServiceMock.swift in Sources */ = {isa = PBXBuildFile; fileRef = 6E257C5126B2124300A08291 /* ImageServiceMock.swift */; };
		6E257C5C26B2124400A08291 /* UserServiceMock.swift in Sources */ = {isa = PBXBuildFile; fileRef = 6E257C5226B2124300A08291 /* UserServiceMock.swift */; };
		6E257C5D26B2124400A08291 /* URLProtocolMock.swift in Sources */ = {isa = PBXBuildFile; fileRef = 6E257C5326B2124300A08291 /* URLProtocolMock.swift */; };
		6E257C5F26B2124400A08291 /* users.json in Resources */ = {isa = PBXBuildFile; fileRef = 6E257C5626B2124300A08291 /* users.json */; };
		6E257C6026B2124400A08291 /* UIView+find.swift in Sources */ = {isa = PBXBuildFile; fileRef = 6E257C5826B2124400A08291 /* UIView+find.swift */; };
		6E257C6126B2124400A08291 /* UIControl+trigger.swift in Sources */ = {isa = PBXBuildFile; fileRef = 6E257C5926B2124400A08291 /* UIControl+trigger.swift */; };
		6E257C6226B2124400A08291 /* Bundle+Decodable.swift in Sources */ = {isa = PBXBuildFile; fileRef = 6E257C5A26B2124400A08291 /* Bundle+Decodable.swift */; };
		6E257C6526B2128F00A08291 /* UserListViewControllerTests.swift in Sources */ = {isa = PBXBuildFile; fileRef = 6E257C6326B2128F00A08291 /* UserListViewControllerTests.swift */; };
		6E257C6626B2128F00A08291 /* GitHubServiceTests.swift in Sources */ = {isa = PBXBuildFile; fileRef = 6E257C6426B2128F00A08291 /* GitHubServiceTests.swift */; };
		6E257C6A26B36C0500A08291 /* RepositoryListViewModel.swift in Sources */ = {isa = PBXBuildFile; fileRef = 6E257C6926B36C0500A08291 /* RepositoryListViewModel.swift */; };
		6E257C6C26B36C2600A08291 /* RepositoryListViewController.swift in Sources */ = {isa = PBXBuildFile; fileRef = 6E257C6B26B36C2600A08291 /* RepositoryListViewController.swift */; };
		6E257C6E26B36C3800A08291 /* RepositoryListView.swift in Sources */ = {isa = PBXBuildFile; fileRef = 6E257C6D26B36C3800A08291 /* RepositoryListView.swift */; };
		6E257C7126B3F51600A08291 /* RepositoryCellViewModel.swift in Sources */ = {isa = PBXBuildFile; fileRef = 6E257C7026B3F51600A08291 /* RepositoryCellViewModel.swift */; };
/* End PBXBuildFile section */

/* Begin PBXContainerItemProxy section */
		6E257BFF26B1246800A08291 /* PBXContainerItemProxy */ = {
			isa = PBXContainerItemProxy;
			containerPortal = 6E257BE026B1246300A08291 /* Project object */;
			proxyType = 1;
			remoteGlobalIDString = 6E257BE726B1246300A08291;
			remoteInfo = GitForward;
		};
/* End PBXContainerItemProxy section */

/* Begin PBXFileReference section */
		6E00221726B42E9A0006CDB5 /* UserInfoView.swift */ = {isa = PBXFileReference; lastKnownFileType = sourcecode.swift; path = UserInfoView.swift; sourceTree = "<group>"; };
		6E00221926B430700006CDB5 /* UserInfoViewModel.swift */ = {isa = PBXFileReference; lastKnownFileType = sourcecode.swift; path = UserInfoViewModel.swift; sourceTree = "<group>"; };
		6E00221B26B4D0EF0006CDB5 /* RepositoryCell.swift */ = {isa = PBXFileReference; lastKnownFileType = sourcecode.swift; path = RepositoryCell.swift; sourceTree = "<group>"; };
		6E00222526B4DDDE0006CDB5 /* UserInfoViewController.swift */ = {isa = PBXFileReference; lastKnownFileType = sourcecode.swift; path = UserInfoViewController.swift; sourceTree = "<group>"; };
		6E00222726B4E0070006CDB5 /* ViewState.swift */ = {isa = PBXFileReference; lastKnownFileType = sourcecode.swift; path = ViewState.swift; sourceTree = "<group>"; };
		6E00222926B4FD380006CDB5 /* UIEdgeInsets+allSides.swift */ = {isa = PBXFileReference; lastKnownFileType = sourcecode.swift; path = "UIEdgeInsets+allSides.swift"; sourceTree = "<group>"; };
		6E00222B26B5159C0006CDB5 /* UIColor+image.swift */ = {isa = PBXFileReference; lastKnownFileType = sourcecode.swift; path = "UIColor+image.swift"; sourceTree = "<group>"; };
		6E00222D26B5376D0006CDB5 /* UserDetailViewController.swift */ = {isa = PBXFileReference; lastKnownFileType = sourcecode.swift; path = UserDetailViewController.swift; sourceTree = "<group>"; };
		6E00222F26B547E80006CDB5 /* repositories.json */ = {isa = PBXFileReference; fileEncoding = 4; lastKnownFileType = text.json; path = repositories.json; sourceTree = "<group>"; };
		6E00223026B547E80006CDB5 /* userInfo.json */ = {isa = PBXFileReference; fileEncoding = 4; lastKnownFileType = text.json; path = userInfo.json; sourceTree = "<group>"; };
		6E00223326B54E660006CDB5 /* RepositoryListViewControllerTests.swift */ = {isa = PBXFileReference; fileEncoding = 4; lastKnownFileType = sourcecode.swift; path = RepositoryListViewControllerTests.swift; sourceTree = "<group>"; };
		6E00223526B54E750006CDB5 /* UserInfoViewControllerTests.swift */ = {isa = PBXFileReference; fileEncoding = 4; lastKnownFileType = sourcecode.swift; path = UserInfoViewControllerTests.swift; sourceTree = "<group>"; };
		6E257BE826B1246300A08291 /* GitForward.app */ = {isa = PBXFileReference; explicitFileType = wrapper.application; includeInIndex = 0; path = GitForward.app; sourceTree = BUILT_PRODUCTS_DIR; };
		6E257BEB26B1246300A08291 /* AppDelegate.swift */ = {isa = PBXFileReference; lastKnownFileType = sourcecode.swift; path = AppDelegate.swift; sourceTree = "<group>"; };
		6E257BF426B1246800A08291 /* Assets.xcassets */ = {isa = PBXFileReference; lastKnownFileType = folder.assetcatalog; path = Assets.xcassets; sourceTree = "<group>"; };
		6E257BF726B1246800A08291 /* Base */ = {isa = PBXFileReference; lastKnownFileType = file.storyboard; name = Base; path = Base.lproj/LaunchScreen.storyboard; sourceTree = "<group>"; };
		6E257BF926B1246800A08291 /* Info.plist */ = {isa = PBXFileReference; lastKnownFileType = text.plist.xml; path = Info.plist; sourceTree = "<group>"; };
		6E257BFE26B1246800A08291 /* GitForwardTests.xctest */ = {isa = PBXFileReference; explicitFileType = wrapper.cfbundle; includeInIndex = 0; path = GitForwardTests.xctest; sourceTree = BUILT_PRODUCTS_DIR; };
		6E257C0426B1246800A08291 /* Info.plist */ = {isa = PBXFileReference; lastKnownFileType = text.plist.xml; path = Info.plist; sourceTree = "<group>"; };
		6E257C2126B139A500A08291 /* ViewController.swift */ = {isa = PBXFileReference; fileEncoding = 4; lastKnownFileType = sourcecode.swift; path = ViewController.swift; sourceTree = "<group>"; };
		6E257C2226B139A500A08291 /* ActivityIndicatorView.swift */ = {isa = PBXFileReference; fileEncoding = 4; lastKnownFileType = sourcecode.swift; path = ActivityIndicatorView.swift; sourceTree = "<group>"; };
		6E257C2426B139A500A08291 /* UserListView.swift */ = {isa = PBXFileReference; fileEncoding = 4; lastKnownFileType = sourcecode.swift; path = UserListView.swift; sourceTree = "<group>"; };
		6E257C2526B139A500A08291 /* UserListViewController.swift */ = {isa = PBXFileReference; fileEncoding = 4; lastKnownFileType = sourcecode.swift; path = UserListViewController.swift; sourceTree = "<group>"; };
		6E257C2726B139A500A08291 /* UserCellViewModel.swift */ = {isa = PBXFileReference; fileEncoding = 4; lastKnownFileType = sourcecode.swift; path = UserCellViewModel.swift; sourceTree = "<group>"; };
		6E257C2826B139A500A08291 /* UserCell.swift */ = {isa = PBXFileReference; fileEncoding = 4; lastKnownFileType = sourcecode.swift; path = UserCell.swift; sourceTree = "<group>"; };
		6E257C2926B139A500A08291 /* UserListViewModel.swift */ = {isa = PBXFileReference; fileEncoding = 4; lastKnownFileType = sourcecode.swift; path = UserListViewModel.swift; sourceTree = "<group>"; };
		6E257C2A26B139A500A08291 /* UID.swift */ = {isa = PBXFileReference; fileEncoding = 4; lastKnownFileType = sourcecode.swift; path = UID.swift; sourceTree = "<group>"; };
		6E257C3526B13A1B00A08291 /* User.swift */ = {isa = PBXFileReference; lastKnownFileType = sourcecode.swift; path = User.swift; sourceTree = "<group>"; };
		6E257C3B26B157E400A08291 /* ImageService.swift */ = {isa = PBXFileReference; fileEncoding = 4; lastKnownFileType = sourcecode.swift; path = ImageService.swift; sourceTree = "<group>"; };
		6E257C3C26B157E400A08291 /* GitHubService.swift */ = {isa = PBXFileReference; fileEncoding = 4; lastKnownFileType = sourcecode.swift; path = GitHubService.swift; sourceTree = "<group>"; };
		6E257C3F26B1595900A08291 /* Box.swift */ = {isa = PBXFileReference; lastKnownFileType = sourcecode.swift; path = Box.swift; sourceTree = "<group>"; };
		6E257C4126B15AB800A08291 /* JSONDecoder+snakeCase.swift */ = {isa = PBXFileReference; fileEncoding = 4; lastKnownFileType = sourcecode.swift; path = "JSONDecoder+snakeCase.swift"; sourceTree = "<group>"; };
		6E257C4326B15AC000A08291 /* UIView+SafeArea.swift */ = {isa = PBXFileReference; fileEncoding = 4; lastKnownFileType = sourcecode.swift; path = "UIView+SafeArea.swift"; sourceTree = "<group>"; };
		6E257C4426B15AC000A08291 /* UIView+Anchors.swift */ = {isa = PBXFileReference; fileEncoding = 4; lastKnownFileType = sourcecode.swift; path = "UIView+Anchors.swift"; sourceTree = "<group>"; };
		6E257C4526B15AC100A08291 /* URL+staticString.swift */ = {isa = PBXFileReference; fileEncoding = 4; lastKnownFileType = sourcecode.swift; path = "URL+staticString.swift"; sourceTree = "<group>"; };
		6E257C4926B160CA00A08291 /* secrets.xcconfig */ = {isa = PBXFileReference; lastKnownFileType = text.xcconfig; path = secrets.xcconfig; sourceTree = "<group>"; };
		6E257C4A26B178C600A08291 /* Env.swift */ = {isa = PBXFileReference; fileEncoding = 4; lastKnownFileType = sourcecode.swift; path = Env.swift; sourceTree = "<group>"; };
		6E257C4E26B1809300A08291 /* Repository.swift */ = {isa = PBXFileReference; lastKnownFileType = sourcecode.swift; path = Repository.swift; sourceTree = "<group>"; };
		6E257C5126B2124300A08291 /* ImageServiceMock.swift */ = {isa = PBXFileReference; fileEncoding = 4; lastKnownFileType = sourcecode.swift; path = ImageServiceMock.swift; sourceTree = "<group>"; };
		6E257C5226B2124300A08291 /* UserServiceMock.swift */ = {isa = PBXFileReference; fileEncoding = 4; lastKnownFileType = sourcecode.swift; path = UserServiceMock.swift; sourceTree = "<group>"; };
		6E257C5326B2124300A08291 /* URLProtocolMock.swift */ = {isa = PBXFileReference; fileEncoding = 4; lastKnownFileType = sourcecode.swift; path = URLProtocolMock.swift; sourceTree = "<group>"; };
		6E257C5626B2124300A08291 /* users.json */ = {isa = PBXFileReference; fileEncoding = 4; lastKnownFileType = text.json; path = users.json; sourceTree = "<group>"; };
		6E257C5826B2124400A08291 /* UIView+find.swift */ = {isa = PBXFileReference; fileEncoding = 4; lastKnownFileType = sourcecode.swift; path = "UIView+find.swift"; sourceTree = "<group>"; };
		6E257C5926B2124400A08291 /* UIControl+trigger.swift */ = {isa = PBXFileReference; fileEncoding = 4; lastKnownFileType = sourcecode.swift; path = "UIControl+trigger.swift"; sourceTree = "<group>"; };
		6E257C5A26B2124400A08291 /* Bundle+Decodable.swift */ = {isa = PBXFileReference; fileEncoding = 4; lastKnownFileType = sourcecode.swift; path = "Bundle+Decodable.swift"; sourceTree = "<group>"; };
		6E257C6326B2128F00A08291 /* UserListViewControllerTests.swift */ = {isa = PBXFileReference; fileEncoding = 4; lastKnownFileType = sourcecode.swift; path = UserListViewControllerTests.swift; sourceTree = "<group>"; };
		6E257C6426B2128F00A08291 /* GitHubServiceTests.swift */ = {isa = PBXFileReference; fileEncoding = 4; lastKnownFileType = sourcecode.swift; path = GitHubServiceTests.swift; sourceTree = "<group>"; };
		6E257C6926B36C0500A08291 /* RepositoryListViewModel.swift */ = {isa = PBXFileReference; lastKnownFileType = sourcecode.swift; path = RepositoryListViewModel.swift; sourceTree = "<group>"; };
		6E257C6B26B36C2600A08291 /* RepositoryListViewController.swift */ = {isa = PBXFileReference; lastKnownFileType = sourcecode.swift; path = RepositoryListViewController.swift; sourceTree = "<group>"; };
		6E257C6D26B36C3800A08291 /* RepositoryListView.swift */ = {isa = PBXFileReference; lastKnownFileType = sourcecode.swift; path = RepositoryListView.swift; sourceTree = "<group>"; };
		6E257C7026B3F51600A08291 /* RepositoryCellViewModel.swift */ = {isa = PBXFileReference; lastKnownFileType = sourcecode.swift; path = RepositoryCellViewModel.swift; sourceTree = "<group>"; };
/* End PBXFileReference section */

/* Begin PBXFrameworksBuildPhase section */
		6E257BE526B1246300A08291 /* Frameworks */ = {
			isa = PBXFrameworksBuildPhase;
			buildActionMask = 2147483647;
			files = (
			);
			runOnlyForDeploymentPostprocessing = 0;
		};
		6E257BFB26B1246800A08291 /* Frameworks */ = {
			isa = PBXFrameworksBuildPhase;
			buildActionMask = 2147483647;
			files = (
			);
			runOnlyForDeploymentPostprocessing = 0;
		};
/* End PBXFrameworksBuildPhase section */

/* Begin PBXGroup section */
		6E00221D26B4DD390006CDB5 /* UserInfo */ = {
			isa = PBXGroup;
			children = (
				6E00222526B4DDDE0006CDB5 /* UserInfoViewController.swift */,
				6E00221926B430700006CDB5 /* UserInfoViewModel.swift */,
				6E00221726B42E9A0006CDB5 /* UserInfoView.swift */,
			);
			path = UserInfo;
			sourceTree = "<group>";
		};
		6E00221E26B4DD3F0006CDB5 /* RepositoryList */ = {
			isa = PBXGroup;
			children = (
				6E257C6B26B36C2600A08291 /* RepositoryListViewController.swift */,
				6E257C6926B36C0500A08291 /* RepositoryListViewModel.swift */,
				6E257C6D26B36C3800A08291 /* RepositoryListView.swift */,
				6E257C6F26B3F50900A08291 /* Row */,
			);
			path = RepositoryList;
			sourceTree = "<group>";
		};
		6E257BDF26B1246300A08291 = {
			isa = PBXGroup;
			children = (
				6E257BEA26B1246300A08291 /* GitForward */,
				6E257C0126B1246800A08291 /* GitForwardTests */,
				6E257BE926B1246300A08291 /* Products */,
			);
			sourceTree = "<group>";
		};
		6E257BE926B1246300A08291 /* Products */ = {
			isa = PBXGroup;
			children = (
				6E257BE826B1246300A08291 /* GitForward.app */,
				6E257BFE26B1246800A08291 /* GitForwardTests.xctest */,
			);
			name = Products;
			sourceTree = "<group>";
		};
		6E257BEA26B1246300A08291 /* GitForward */ = {
			isa = PBXGroup;
			children = (
				6E257BEB26B1246300A08291 /* AppDelegate.swift */,
				6E257C3F26B1595900A08291 /* Box.swift */,
				6E257C4A26B178C600A08291 /* Env.swift */,
				6E257C1D26B139A500A08291 /* UI */,
				6E257C3426B13A1200A08291 /* Models */,
				6E257C3726B13A3E00A08291 /* Networking */,
				6E257BF426B1246800A08291 /* Assets.xcassets */,
				6E257C3826B13A4500A08291 /* Extensions */,
				6E257C1C26B1385C00A08291 /* SupportFiles */,
			);
			path = GitForward;
			sourceTree = "<group>";
		};
		6E257C0126B1246800A08291 /* GitForwardTests */ = {
			isa = PBXGroup;
			children = (
				6E257C5726B2124400A08291 /* Extensions */,
				6E257C5026B2124300A08291 /* Mocks */,
				6E257C5526B2124300A08291 /* TestFixtures */,
				6E257C6326B2128F00A08291 /* UserListViewControllerTests.swift */,
				6E00223326B54E660006CDB5 /* RepositoryListViewControllerTests.swift */,
				6E00223526B54E750006CDB5 /* UserInfoViewControllerTests.swift */,
				6E257C6426B2128F00A08291 /* GitHubServiceTests.swift */,
				6E257C0426B1246800A08291 /* Info.plist */,
			);
			path = GitForwardTests;
			sourceTree = "<group>";
		};
		6E257C1C26B1385C00A08291 /* SupportFiles */ = {
			isa = PBXGroup;
			children = (
				6E257BF926B1246800A08291 /* Info.plist */,
				6E257BF626B1246800A08291 /* LaunchScreen.storyboard */,
				6E257C4926B160CA00A08291 /* secrets.xcconfig */,
			);
			path = SupportFiles;
			sourceTree = "<group>";
		};
		6E257C1D26B139A500A08291 /* UI */ = {
			isa = PBXGroup;
			children = (
				6E257C1E26B139A500A08291 /* Navigation */,
				6E257C2026B139A500A08291 /* Shared */,
				6E257C2326B139A500A08291 /* UserList */,
				6E257C6826B36BE800A08291 /* UserDetail */,
			);
			path = UI;
			sourceTree = "<group>";
		};
		6E257C1E26B139A500A08291 /* Navigation */ = {
			isa = PBXGroup;
			children = (
			);
			path = Navigation;
			sourceTree = "<group>";
		};
		6E257C2026B139A500A08291 /* Shared */ = {
			isa = PBXGroup;
			children = (
				6E257C2A26B139A500A08291 /* UID.swift */,
				6E00222726B4E0070006CDB5 /* ViewState.swift */,
				6E257C2126B139A500A08291 /* ViewController.swift */,
				6E257C2226B139A500A08291 /* ActivityIndicatorView.swift */,
			);
			path = Shared;
			sourceTree = "<group>";
		};
		6E257C2326B139A500A08291 /* UserList */ = {
			isa = PBXGroup;
			children = (
				6E257C2526B139A500A08291 /* UserListViewController.swift */,
				6E257C2926B139A500A08291 /* UserListViewModel.swift */,
				6E257C2426B139A500A08291 /* UserListView.swift */,
				6E257C2626B139A500A08291 /* Row */,
			);
			path = UserList;
			sourceTree = "<group>";
		};
		6E257C2626B139A500A08291 /* Row */ = {
			isa = PBXGroup;
			children = (
				6E257C2726B139A500A08291 /* UserCellViewModel.swift */,
				6E257C2826B139A500A08291 /* UserCell.swift */,
			);
			path = Row;
			sourceTree = "<group>";
		};
		6E257C3426B13A1200A08291 /* Models */ = {
			isa = PBXGroup;
			children = (
				6E257C3526B13A1B00A08291 /* User.swift */,
				6E257C4E26B1809300A08291 /* Repository.swift */,
			);
			path = Models;
			sourceTree = "<group>";
		};
		6E257C3726B13A3E00A08291 /* Networking */ = {
			isa = PBXGroup;
			children = (
				6E257C3C26B157E400A08291 /* GitHubService.swift */,
				6E257C3B26B157E400A08291 /* ImageService.swift */,
			);
			path = Networking;
			sourceTree = "<group>";
		};
		6E257C3826B13A4500A08291 /* Extensions */ = {
			isa = PBXGroup;
			children = (
				6E257C4126B15AB800A08291 /* JSONDecoder+snakeCase.swift */,
				6E257C4426B15AC000A08291 /* UIView+Anchors.swift */,
				6E257C4326B15AC000A08291 /* UIView+SafeArea.swift */,
				6E257C4526B15AC100A08291 /* URL+staticString.swift */,
				6E00222926B4FD380006CDB5 /* UIEdgeInsets+allSides.swift */,
				6E00222B26B5159C0006CDB5 /* UIColor+image.swift */,
			);
			path = Extensions;
			sourceTree = "<group>";
		};
		6E257C5026B2124300A08291 /* Mocks */ = {
			isa = PBXGroup;
			children = (
				6E257C5126B2124300A08291 /* ImageServiceMock.swift */,
				6E257C5226B2124300A08291 /* UserServiceMock.swift */,
				6E257C5326B2124300A08291 /* URLProtocolMock.swift */,
			);
			path = Mocks;
			sourceTree = "<group>";
		};
		6E257C5526B2124300A08291 /* TestFixtures */ = {
			isa = PBXGroup;
			children = (
				6E00222F26B547E80006CDB5 /* repositories.json */,
				6E00223026B547E80006CDB5 /* userInfo.json */,
				6E257C5626B2124300A08291 /* users.json */,
			);
			path = TestFixtures;
			sourceTree = "<group>";
		};
		6E257C5726B2124400A08291 /* Extensions */ = {
			isa = PBXGroup;
			children = (
				6E257C5826B2124400A08291 /* UIView+find.swift */,
				6E257C5926B2124400A08291 /* UIControl+trigger.swift */,
				6E257C5A26B2124400A08291 /* Bundle+Decodable.swift */,
			);
			path = Extensions;
			sourceTree = "<group>";
		};
		6E257C6826B36BE800A08291 /* UserDetail */ = {
			isa = PBXGroup;
			children = (
				6E00222D26B5376D0006CDB5 /* UserDetailViewController.swift */,
				6E00221D26B4DD390006CDB5 /* UserInfo */,
				6E00221E26B4DD3F0006CDB5 /* RepositoryList */,
			);
			path = UserDetail;
			sourceTree = "<group>";
		};
		6E257C6F26B3F50900A08291 /* Row */ = {
			isa = PBXGroup;
			children = (
				6E257C7026B3F51600A08291 /* RepositoryCellViewModel.swift */,
				6E00221B26B4D0EF0006CDB5 /* RepositoryCell.swift */,
			);
			path = Row;
			sourceTree = "<group>";
		};
/* End PBXGroup section */

/* Begin PBXNativeTarget section */
		6E257BE726B1246300A08291 /* GitForward */ = {
			isa = PBXNativeTarget;
			buildConfigurationList = 6E257C1226B1246800A08291 /* Build configuration list for PBXNativeTarget "GitForward" */;
			buildPhases = (
				6E257BE426B1246300A08291 /* Sources */,
				6E257BE526B1246300A08291 /* Frameworks */,
				6E257BE626B1246300A08291 /* Resources */,
				6E257C1B26B1384200A08291 /* swiftlint */,
			);
			buildRules = (
			);
			dependencies = (
			);
			name = GitForward;
			productName = GitForward;
			productReference = 6E257BE826B1246300A08291 /* GitForward.app */;
			productType = "com.apple.product-type.application";
		};
		6E257BFD26B1246800A08291 /* GitForwardTests */ = {
			isa = PBXNativeTarget;
			buildConfigurationList = 6E257C1526B1246800A08291 /* Build configuration list for PBXNativeTarget "GitForwardTests" */;
			buildPhases = (
				6E257BFA26B1246800A08291 /* Sources */,
				6E257BFB26B1246800A08291 /* Frameworks */,
				6E257BFC26B1246800A08291 /* Resources */,
			);
			buildRules = (
			);
			dependencies = (
				6E257C0026B1246800A08291 /* PBXTargetDependency */,
			);
			name = GitForwardTests;
			productName = GitForwardTests;
			productReference = 6E257BFE26B1246800A08291 /* GitForwardTests.xctest */;
			productType = "com.apple.product-type.bundle.unit-test";
		};
/* End PBXNativeTarget section */

/* Begin PBXProject section */
		6E257BE026B1246300A08291 /* Project object */ = {
			isa = PBXProject;
			attributes = {
				LastSwiftUpdateCheck = 1250;
				LastUpgradeCheck = 1250;
				TargetAttributes = {
					6E257BE726B1246300A08291 = {
						CreatedOnToolsVersion = 12.5.1;
					};
					6E257BFD26B1246800A08291 = {
						CreatedOnToolsVersion = 12.5.1;
						TestTargetID = 6E257BE726B1246300A08291;
					};
				};
			};
			buildConfigurationList = 6E257BE326B1246300A08291 /* Build configuration list for PBXProject "GitForward" */;
			compatibilityVersion = "Xcode 9.3";
			developmentRegion = en;
			hasScannedForEncodings = 0;
			knownRegions = (
				en,
				Base,
			);
			mainGroup = 6E257BDF26B1246300A08291;
			productRefGroup = 6E257BE926B1246300A08291 /* Products */;
			projectDirPath = "";
			projectRoot = "";
			targets = (
				6E257BE726B1246300A08291 /* GitForward */,
				6E257BFD26B1246800A08291 /* GitForwardTests */,
			);
		};
/* End PBXProject section */

/* Begin PBXResourcesBuildPhase section */
		6E257BE626B1246300A08291 /* Resources */ = {
			isa = PBXResourcesBuildPhase;
			buildActionMask = 2147483647;
			files = (
				6E257BF826B1246800A08291 /* LaunchScreen.storyboard in Resources */,
				6E257BF526B1246800A08291 /* Assets.xcassets in Resources */,
			);
			runOnlyForDeploymentPostprocessing = 0;
		};
		6E257BFC26B1246800A08291 /* Resources */ = {
			isa = PBXResourcesBuildPhase;
			buildActionMask = 2147483647;
			files = (
				6E00223226B547E80006CDB5 /* userInfo.json in Resources */,
				6E257C5F26B2124400A08291 /* users.json in Resources */,
				6E00223126B547E80006CDB5 /* repositories.json in Resources */,
			);
			runOnlyForDeploymentPostprocessing = 0;
		};
/* End PBXResourcesBuildPhase section */

/* Begin PBXShellScriptBuildPhase section */
		6E257C1B26B1384200A08291 /* swiftlint */ = {
			isa = PBXShellScriptBuildPhase;
			buildActionMask = 2147483647;
			files = (
			);
			inputFileListPaths = (
			);
			inputPaths = (
			);
			name = swiftlint;
			outputFileListPaths = (
			);
			outputPaths = (
			);
			runOnlyForDeploymentPostprocessing = 0;
			shellPath = /bin/sh;
			shellScript = "if which swiftlint >/dev/null; then\n  swiftlint\nelse\n  echo \"warning: SwiftLint not installed, download from https://github.com/realm/SwiftLint\"\nfi\n";
		};
/* End PBXShellScriptBuildPhase section */

/* Begin PBXSourcesBuildPhase section */
		6E257BE426B1246300A08291 /* Sources */ = {
			isa = PBXSourcesBuildPhase;
			buildActionMask = 2147483647;
			files = (
				6E257C3326B139A500A08291 /* UID.swift in Sources */,
				6E257C4726B15AC100A08291 /* UIView+Anchors.swift in Sources */,
				6E257C3126B139A500A08291 /* UserCell.swift in Sources */,
				6E257C4B26B178C600A08291 /* Env.swift in Sources */,
				6E257C2C26B139A500A08291 /* ViewController.swift in Sources */,
				6E00222826B4E0070006CDB5 /* ViewState.swift in Sources */,
				6E257C4226B15AB800A08291 /* JSONDecoder+snakeCase.swift in Sources */,
				6E257C2E26B139A500A08291 /* UserListView.swift in Sources */,
				6E257C4F26B1809300A08291 /* Repository.swift in Sources */,
				6E00222E26B5376D0006CDB5 /* UserDetailViewController.swift in Sources */,
				6E00221C26B4D0EF0006CDB5 /* RepositoryCell.swift in Sources */,
				6E257C6A26B36C0500A08291 /* RepositoryListViewModel.swift in Sources */,
				6E00222626B4DDDE0006CDB5 /* UserInfoViewController.swift in Sources */,
				6E257C6C26B36C2600A08291 /* RepositoryListViewController.swift in Sources */,
				6E257C3026B139A500A08291 /* UserCellViewModel.swift in Sources */,
				6E257C4826B15AC100A08291 /* URL+staticString.swift in Sources */,
				6E00222A26B4FD380006CDB5 /* UIEdgeInsets+allSides.swift in Sources */,
				6E257C3226B139A500A08291 /* UserListViewModel.swift in Sources */,
				6E00221826B42E9A0006CDB5 /* UserInfoView.swift in Sources */,
				6E257C4026B1595900A08291 /* Box.swift in Sources */,
				6E257BEC26B1246300A08291 /* AppDelegate.swift in Sources */,
				6E257C2D26B139A500A08291 /* ActivityIndicatorView.swift in Sources */,
				6E257C4626B15AC100A08291 /* UIView+SafeArea.swift in Sources */,
				6E00221A26B430700006CDB5 /* UserInfoViewModel.swift in Sources */,
				6E257C3E26B157E400A08291 /* GitHubService.swift in Sources */,
				6E257C3D26B157E400A08291 /* ImageService.swift in Sources */,
				6E00222C26B5159C0006CDB5 /* UIColor+image.swift in Sources */,
				6E257C3626B13A1B00A08291 /* User.swift in Sources */,
				6E257C2F26B139A500A08291 /* UserListViewController.swift in Sources */,
				6E257C6E26B36C3800A08291 /* RepositoryListView.swift in Sources */,
				6E257C7126B3F51600A08291 /* RepositoryCellViewModel.swift in Sources */,
			);
			runOnlyForDeploymentPostprocessing = 0;
		};
		6E257BFA26B1246800A08291 /* Sources */ = {
			isa = PBXSourcesBuildPhase;
			buildActionMask = 2147483647;
			files = (
				6E257C6226B2124400A08291 /* Bundle+Decodable.swift in Sources */,
				6E257C5C26B2124400A08291 /* UserServiceMock.swift in Sources */,
				6E257C6126B2124400A08291 /* UIControl+trigger.swift in Sources */,
				6E257C5B26B2124400A08291 /* ImageServiceMock.swift in Sources */,
				6E00223426B54E660006CDB5 /* RepositoryListViewControllerTests.swift in Sources */,
				6E257C6626B2128F00A08291 /* GitHubServiceTests.swift in Sources */,
				6E257C6026B2124400A08291 /* UIView+find.swift in Sources */,
				6E257C5D26B2124400A08291 /* URLProtocolMock.swift in Sources */,
				6E257C6526B2128F00A08291 /* UserListViewControllerTests.swift in Sources */,
				6E00223626B54E750006CDB5 /* UserInfoViewControllerTests.swift in Sources */,
			);
			runOnlyForDeploymentPostprocessing = 0;
		};
/* End PBXSourcesBuildPhase section */

/* Begin PBXTargetDependency section */
		6E257C0026B1246800A08291 /* PBXTargetDependency */ = {
			isa = PBXTargetDependency;
			target = 6E257BE726B1246300A08291 /* GitForward */;
			targetProxy = 6E257BFF26B1246800A08291 /* PBXContainerItemProxy */;
		};
/* End PBXTargetDependency section */

/* Begin PBXVariantGroup section */
		6E257BF626B1246800A08291 /* LaunchScreen.storyboard */ = {
			isa = PBXVariantGroup;
			children = (
				6E257BF726B1246800A08291 /* Base */,
			);
			name = LaunchScreen.storyboard;
			sourceTree = "<group>";
		};
/* End PBXVariantGroup section */

/* Begin XCBuildConfiguration section */
		6E257C1026B1246800A08291 /* Debug */ = {
			isa = XCBuildConfiguration;
			buildSettings = {
				ALWAYS_SEARCH_USER_PATHS = NO;
				API_KEY = "";
				CLANG_ANALYZER_NONNULL = YES;
				CLANG_ANALYZER_NUMBER_OBJECT_CONVERSION = YES_AGGRESSIVE;
				CLANG_CXX_LANGUAGE_STANDARD = "gnu++14";
				CLANG_CXX_LIBRARY = "libc++";
				CLANG_ENABLE_MODULES = YES;
				CLANG_ENABLE_OBJC_ARC = YES;
				CLANG_ENABLE_OBJC_WEAK = YES;
				CLANG_WARN_BLOCK_CAPTURE_AUTORELEASING = YES;
				CLANG_WARN_BOOL_CONVERSION = YES;
				CLANG_WARN_COMMA = YES;
				CLANG_WARN_CONSTANT_CONVERSION = YES;
				CLANG_WARN_DEPRECATED_OBJC_IMPLEMENTATIONS = YES;
				CLANG_WARN_DIRECT_OBJC_ISA_USAGE = YES_ERROR;
				CLANG_WARN_DOCUMENTATION_COMMENTS = YES;
				CLANG_WARN_EMPTY_BODY = YES;
				CLANG_WARN_ENUM_CONVERSION = YES;
				CLANG_WARN_INFINITE_RECURSION = YES;
				CLANG_WARN_INT_CONVERSION = YES;
				CLANG_WARN_NON_LITERAL_NULL_CONVERSION = YES;
				CLANG_WARN_OBJC_IMPLICIT_RETAIN_SELF = YES;
				CLANG_WARN_OBJC_LITERAL_CONVERSION = YES;
				CLANG_WARN_OBJC_ROOT_CLASS = YES_ERROR;
				CLANG_WARN_QUOTED_INCLUDE_IN_FRAMEWORK_HEADER = YES;
				CLANG_WARN_RANGE_LOOP_ANALYSIS = YES;
				CLANG_WARN_STRICT_PROTOTYPES = YES;
				CLANG_WARN_SUSPICIOUS_MOVE = YES;
				CLANG_WARN_UNGUARDED_AVAILABILITY = YES_AGGRESSIVE;
				CLANG_WARN_UNREACHABLE_CODE = YES;
				CLANG_WARN__DUPLICATE_METHOD_MATCH = YES;
				COPY_PHASE_STRIP = NO;
				DEBUG_INFORMATION_FORMAT = dwarf;
				ENABLE_STRICT_OBJC_MSGSEND = YES;
				ENABLE_TESTABILITY = YES;
				GCC_C_LANGUAGE_STANDARD = gnu11;
				GCC_DYNAMIC_NO_PIC = NO;
				GCC_NO_COMMON_BLOCKS = YES;
				GCC_OPTIMIZATION_LEVEL = 0;
				GCC_PREPROCESSOR_DEFINITIONS = (
					"DEBUG=1",
					"$(inherited)",
				);
				GCC_WARN_64_TO_32_BIT_CONVERSION = YES;
				GCC_WARN_ABOUT_RETURN_TYPE = YES_ERROR;
				GCC_WARN_UNDECLARED_SELECTOR = YES;
				GCC_WARN_UNINITIALIZED_AUTOS = YES_AGGRESSIVE;
				GCC_WARN_UNUSED_FUNCTION = YES;
				GCC_WARN_UNUSED_VARIABLE = YES;
				IPHONEOS_DEPLOYMENT_TARGET = 11.0;
				MTL_ENABLE_DEBUG_INFO = INCLUDE_SOURCE;
				MTL_FAST_MATH = YES;
				ONLY_ACTIVE_ARCH = YES;
				SDKROOT = iphoneos;
				SWIFT_ACTIVE_COMPILATION_CONDITIONS = DEBUG;
				SWIFT_OPTIMIZATION_LEVEL = "-Onone";
			};
			name = Debug;
		};
		6E257C1126B1246800A08291 /* Release */ = {
			isa = XCBuildConfiguration;
			buildSettings = {
				ALWAYS_SEARCH_USER_PATHS = NO;
				API_KEY = "";
				CLANG_ANALYZER_NONNULL = YES;
				CLANG_ANALYZER_NUMBER_OBJECT_CONVERSION = YES_AGGRESSIVE;
				CLANG_CXX_LANGUAGE_STANDARD = "gnu++14";
				CLANG_CXX_LIBRARY = "libc++";
				CLANG_ENABLE_MODULES = YES;
				CLANG_ENABLE_OBJC_ARC = YES;
				CLANG_ENABLE_OBJC_WEAK = YES;
				CLANG_WARN_BLOCK_CAPTURE_AUTORELEASING = YES;
				CLANG_WARN_BOOL_CONVERSION = YES;
				CLANG_WARN_COMMA = YES;
				CLANG_WARN_CONSTANT_CONVERSION = YES;
				CLANG_WARN_DEPRECATED_OBJC_IMPLEMENTATIONS = YES;
				CLANG_WARN_DIRECT_OBJC_ISA_USAGE = YES_ERROR;
				CLANG_WARN_DOCUMENTATION_COMMENTS = YES;
				CLANG_WARN_EMPTY_BODY = YES;
				CLANG_WARN_ENUM_CONVERSION = YES;
				CLANG_WARN_INFINITE_RECURSION = YES;
				CLANG_WARN_INT_CONVERSION = YES;
				CLANG_WARN_NON_LITERAL_NULL_CONVERSION = YES;
				CLANG_WARN_OBJC_IMPLICIT_RETAIN_SELF = YES;
				CLANG_WARN_OBJC_LITERAL_CONVERSION = YES;
				CLANG_WARN_OBJC_ROOT_CLASS = YES_ERROR;
				CLANG_WARN_QUOTED_INCLUDE_IN_FRAMEWORK_HEADER = YES;
				CLANG_WARN_RANGE_LOOP_ANALYSIS = YES;
				CLANG_WARN_STRICT_PROTOTYPES = YES;
				CLANG_WARN_SUSPICIOUS_MOVE = YES;
				CLANG_WARN_UNGUARDED_AVAILABILITY = YES_AGGRESSIVE;
				CLANG_WARN_UNREACHABLE_CODE = YES;
				CLANG_WARN__DUPLICATE_METHOD_MATCH = YES;
				COPY_PHASE_STRIP = NO;
				DEBUG_INFORMATION_FORMAT = "dwarf-with-dsym";
				ENABLE_NS_ASSERTIONS = NO;
				ENABLE_STRICT_OBJC_MSGSEND = YES;
				GCC_C_LANGUAGE_STANDARD = gnu11;
				GCC_NO_COMMON_BLOCKS = YES;
				GCC_WARN_64_TO_32_BIT_CONVERSION = YES;
				GCC_WARN_ABOUT_RETURN_TYPE = YES_ERROR;
				GCC_WARN_UNDECLARED_SELECTOR = YES;
				GCC_WARN_UNINITIALIZED_AUTOS = YES_AGGRESSIVE;
				GCC_WARN_UNUSED_FUNCTION = YES;
				GCC_WARN_UNUSED_VARIABLE = YES;
				IPHONEOS_DEPLOYMENT_TARGET = 11.0;
				MTL_ENABLE_DEBUG_INFO = NO;
				MTL_FAST_MATH = YES;
				SDKROOT = iphoneos;
				SWIFT_COMPILATION_MODE = wholemodule;
				SWIFT_OPTIMIZATION_LEVEL = "-O";
				VALIDATE_PRODUCT = YES;
			};
			name = Release;
		};
		6E257C1326B1246800A08291 /* Debug */ = {
			isa = XCBuildConfiguration;
			baseConfigurationReference = 6E257C4926B160CA00A08291 /* secrets.xcconfig */;
			buildSettings = {
				ASSETCATALOG_COMPILER_APPICON_NAME = AppIcon;
				ASSETCATALOG_COMPILER_GLOBAL_ACCENT_COLOR_NAME = AccentColor;
				CODE_SIGN_STYLE = Automatic;
				DEVELOPMENT_TEAM = T2C99TS4MS;
				INFOPLIST_FILE = GitForward/SupportFiles/Info.plist;
				IPHONEOS_DEPLOYMENT_TARGET = 11.0;
				LD_RUNPATH_SEARCH_PATHS = (
					"$(inherited)",
					"@executable_path/Frameworks",
				);
				PRODUCT_BUNDLE_IDENTIFIER = de.pfundmair.martin.GitForward;
				PRODUCT_NAME = "$(TARGET_NAME)";
				SWIFT_VERSION = 5.0;
				TARGETED_DEVICE_FAMILY = 1;
			};
			name = Debug;
		};
		6E257C1426B1246800A08291 /* Release */ = {
			isa = XCBuildConfiguration;
			baseConfigurationReference = 6E257C4926B160CA00A08291 /* secrets.xcconfig */;
			buildSettings = {
				ASSETCATALOG_COMPILER_APPICON_NAME = AppIcon;
				ASSETCATALOG_COMPILER_GLOBAL_ACCENT_COLOR_NAME = AccentColor;
				CODE_SIGN_STYLE = Automatic;
				DEVELOPMENT_TEAM = T2C99TS4MS;
				INFOPLIST_FILE = GitForward/SupportFiles/Info.plist;
				IPHONEOS_DEPLOYMENT_TARGET = 11.0;
				LD_RUNPATH_SEARCH_PATHS = (
					"$(inherited)",
					"@executable_path/Frameworks",
				);
				PRODUCT_BUNDLE_IDENTIFIER = de.pfundmair.martin.GitForward;
				PRODUCT_NAME = "$(TARGET_NAME)";
				SWIFT_VERSION = 5.0;
				TARGETED_DEVICE_FAMILY = 1;
			};
			name = Release;
		};
		6E257C1626B1246800A08291 /* Debug */ = {
			isa = XCBuildConfiguration;
			buildSettings = {
				ALWAYS_EMBED_SWIFT_STANDARD_LIBRARIES = YES;
				BUNDLE_LOADER = "$(TEST_HOST)";
				CODE_SIGN_STYLE = Automatic;
				DEVELOPMENT_TEAM = T2C99TS4MS;
				INFOPLIST_FILE = GitForwardTests/Info.plist;
				IPHONEOS_DEPLOYMENT_TARGET = 14.5;
				LD_RUNPATH_SEARCH_PATHS = (
					"$(inherited)",
					"@executable_path/Frameworks",
					"@loader_path/Frameworks",
				);
				PRODUCT_BUNDLE_IDENTIFIER = de.pfundmair.martin.GitForwardTests;
				PRODUCT_NAME = "$(TARGET_NAME)";
				SWIFT_VERSION = 5.0;
				TARGETED_DEVICE_FAMILY = "1,2";
				TEST_HOST = "$(BUILT_PRODUCTS_DIR)/GitForward.app/GitForward";
			};
			name = Debug;
		};
		6E257C1726B1246800A08291 /* Release */ = {
			isa = XCBuildConfiguration;
			buildSettings = {
				ALWAYS_EMBED_SWIFT_STANDARD_LIBRARIES = YES;
				BUNDLE_LOADER = "$(TEST_HOST)";
				CODE_SIGN_STYLE = Automatic;
				DEVELOPMENT_TEAM = T2C99TS4MS;
				INFOPLIST_FILE = GitForwardTests/Info.plist;
				IPHONEOS_DEPLOYMENT_TARGET = 14.5;
				LD_RUNPATH_SEARCH_PATHS = (
					"$(inherited)",
					"@executable_path/Frameworks",
					"@loader_path/Frameworks",
				);
				PRODUCT_BUNDLE_IDENTIFIER = de.pfundmair.martin.GitForwardTests;
				PRODUCT_NAME = "$(TARGET_NAME)";
				SWIFT_VERSION = 5.0;
				TARGETED_DEVICE_FAMILY = "1,2";
				TEST_HOST = "$(BUILT_PRODUCTS_DIR)/GitForward.app/GitForward";
			};
			name = Release;
		};
/* End XCBuildConfiguration section */

/* Begin XCConfigurationList section */
		6E257BE326B1246300A08291 /* Build configuration list for PBXProject "GitForward" */ = {
			isa = XCConfigurationList;
			buildConfigurations = (
				6E257C1026B1246800A08291 /* Debug */,
				6E257C1126B1246800A08291 /* Release */,
			);
			defaultConfigurationIsVisible = 0;
			defaultConfigurationName = Release;
		};
		6E257C1226B1246800A08291 /* Build configuration list for PBXNativeTarget "GitForward" */ = {
			isa = XCConfigurationList;
			buildConfigurations = (
				6E257C1326B1246800A08291 /* Debug */,
				6E257C1426B1246800A08291 /* Release */,
			);
			defaultConfigurationIsVisible = 0;
			defaultConfigurationName = Release;
		};
		6E257C1526B1246800A08291 /* Build configuration list for PBXNativeTarget "GitForwardTests" */ = {
			isa = XCConfigurationList;
			buildConfigurations = (
				6E257C1626B1246800A08291 /* Debug */,
				6E257C1726B1246800A08291 /* Release */,
			);
			defaultConfigurationIsVisible = 0;
			defaultConfigurationName = Release;
		};
/* End XCConfigurationList section */
	};
	rootObject = 6E257BE026B1246300A08291 /* Project object */;
}
